// !$*UTF8*$!
{
	archiveVersion = 1;
	classes = {};
	objectVersion = 56;
	objects = {
		A00000000000000000000001 = {isa = PBXProject; attributes = {BuildIndependentTargetsInParallel = YES; LastSwiftUpdateCheck = 1600; LastUpgradeCheck = 1600;}; buildConfigurationList = A00000000000000000000002; compatibilityVersion = "Xcode 14.0"; developmentRegion = en; hasScannedForEncodings = 0; knownRegions = (en, fr, Base); mainGroup = A00000000000000000000003; productRefGroup = A00000000000000000000004; projectDirPath = ""; projectRoot = ""; targets = (A00000000000000000000005,);};
		A00000000000000000000002 = {isa = XCConfigurationList; buildConfigurations = (A00000000000000000000006, A00000000000000000000007); defaultConfigurationIsVisible = 0; defaultConfigurationName = Release;};
		A00000000000000000000003 = {isa = PBXGroup; children = (A00000000000000000000008, A00000000000000000000004); sourceTree = "<group>";};
		A00000000000000000000004 = {isa = PBXGroup; children = (A00000000000000000000009,); name = Products; sourceTree = "<group>";};
		A00000000000000000000005 = {isa = PBXNativeTarget; buildConfigurationList = A00000000000000000000010; buildPhases = (A00000000000000000000011, A00000000000000000000012, A00000000000000000000013); buildRules = (); dependencies = (); name = LogicLyrics; productName = LogicLyrics; productReference = A00000000000000000000009; productType = "com.apple.product-type.application";};
		A00000000000000000000006 = {isa = XCBuildConfiguration; buildSettings = {ALWAYS_SEARCH_USER_PATHS = NO; CLANG_ENABLE_MODULES = YES; CLANG_ENABLE_OBJC_ARC = YES; COPY_PHASE_STRIP = NO; DEBUG_INFORMATION_FORMAT = dwarf; ENABLE_STRICT_OBJC_MSGSEND = YES; GCC_C_LANGUAGE_STANDARD = gnu17; MACOSX_DEPLOYMENT_TARGET = 14.0; SDKROOT = macosx; SWIFT_VERSION = 5.0;}; name = Debug;};
		A00000000000000000000007 = {isa = XCBuildConfiguration; buildSettings = {ALWAYS_SEARCH_USER_PATHS = NO; CLANG_ENABLE_MODULES = YES; CLANG_ENABLE_OBJC_ARC = YES; COPY_PHASE_STRIP = YES; DEBUG_INFORMATION_FORMAT = "dwarf-with-dsym"; ENABLE_NS_ASSERTIONS = NO; GCC_C_LANGUAGE_STANDARD = gnu17; MACOSX_DEPLOYMENT_TARGET = 14.0; SDKROOT = macosx; SWIFT_COMPILATION_MODE = wholemodule; SWIFT_VERSION = 5.0;}; name = Release;};
		A00000000000000000000008 = {isa = PBXFileSystemSynchronizedRootGroup; exceptions = (A00000000000000000000020,); explicitFileTypes = {}; explicitFolders = (); path = LogicLyrics; sourceTree = "<group>";};
		A00000000000000000000009 = {isa = PBXFileReference; explicitFileType = wrapper.application; includeInIndex = 0; path = LogicLyrics.app; sourceTree = BUILT_PRODUCTS_DIR;};
		A00000000000000000000010 = {isa = XCConfigurationList; buildConfigurations = (A00000000000000000000014, A00000000000000000000015); defaultConfigurationIsVisible = 0; defaultConfigurationName = Release;};
		A00000000000000000000011 = {isa = PBXSourcesBuildPhase; buildActionMask = 2147483647; files = (); runOnlyForDeploymentPostprocessing = 0;};
		A00000000000000000000012 = {isa = PBXFrameworksBuildPhase; buildActionMask = 2147483647; files = (); runOnlyForDeploymentPostprocessing = 0;};
		A00000000000000000000013 = {isa = PBXResourcesBuildPhase; buildActionMask = 2147483647; files = (); runOnlyForDeploymentPostprocessing = 0;};
		A00000000000000000000014 = {isa = XCBuildConfiguration; buildSettings = {ASSETCATALOG_COMPILER_APPICON_NAME = AppIcon; CODE_SIGN_ENTITLEMENTS = LogicLyrics/Resources/LogicLyrics.entitlements; CODE_SIGN_STYLE = Automatic; COMBINE_HIDPI_IMAGES = YES; CURRENT_PROJECT_VERSION = 28; ENABLE_APP_SANDBOX = YES; ENABLE_HARDENED_RUNTIME = YES; GENERATE_INFOPLIST_FILE = YES; INFOPLIST_KEY_CFBundleDisplayName = "Logic Lyrics"; INFOPLIST_KEY_LSApplicationCategoryType = "public.app-category.music"; INFOPLIST_KEY_NSHumanReadableCopyright = ""; MARKETING_VERSION = 2.2.3; PRODUCT_BUNDLE_IDENTIFIER = com.local.LogicLyrics; PRODUCT_NAME = "$(TARGET_NAME)"; SWIFT_EMIT_LOC_STRINGS = YES; SWIFT_STRICT_CONCURRENCY = complete;}; name = Debug;};
		A00000000000000000000015 = {isa = XCBuildConfiguration; buildSettings = {ASSETCATALOG_COMPILER_APPICON_NAME = AppIcon; CODE_SIGN_ENTITLEMENTS = LogicLyrics/Resources/LogicLyrics.entitlements; CODE_SIGN_STYLE = Automatic; COMBINE_HIDPI_IMAGES = YES; CURRENT_PROJECT_VERSION = 28; ENABLE_APP_SANDBOX = YES; ENABLE_HARDENED_RUNTIME = YES; GENERATE_INFOPLIST_FILE = YES; INFOPLIST_KEY_CFBundleDisplayName = "Logic Lyrics"; INFOPLIST_KEY_LSApplicationCategoryType = "public.app-category.music"; INFOPLIST_KEY_NSHumanReadableCopyright = ""; MARKETING_VERSION = 2.2.3; PRODUCT_BUNDLE_IDENTIFIER = com.local.LogicLyrics; PRODUCT_NAME = "$(TARGET_NAME)"; SWIFT_EMIT_LOC_STRINGS = YES; SWIFT_STRICT_CONCURRENCY = complete;}; name = Release;};
		A00000000000000000000020 = {isa = PBXFileSystemSynchronizedBuildFileExceptionSet; membershipExceptions = (Resources/AppIcon.icns, Resources/AppIcon.png, Resources/Info.plist, Resources/LogicLyrics.entitlements,); target = A00000000000000000000005;};
	};
	rootObject = A00000000000000000000001;
}
